
Microsoft Visual Studio Solution File, Format Version 12.00
# Visual Studio Version 16
VisualStudioVersion = 16.0.31729.503
MinimumVisualStudioVersion = 10.0.40219.1
Project("{FAE04EC0-301F-11D3-BF4B-00C04F79EFBC}") = "MCD_OOP_KALITIM_Ornek", "MCD_OOP_KALITIM_Ornek\MCD_OOP_KALITIM_Ornek.csproj", "{D66AF905-C5E2-4583-BCCA-FE43D5D56227}"
EndProject
Global
	GlobalSection(SolutionConfigurationPlatforms) = preSolution
		Debug|Any CPU = Debug|Any CPU
		Release|Any CPU = Release|Any CPU
	EndGlobalSection
	GlobalSection(ProjectConfigurationPlatforms) = postSolution
		{D66AF905-C5E2-4583-BCCA-FE43D5D56227}.Debug|Any CPU.ActiveCfg = Debug|Any CPU
		{D66AF905-C5E2-4583-BCCA-FE43D5D56227}.Debug|Any CPU.Build.0 = Debug|Any CPU
		{D66AF905-C5E2-4583-BCCA-FE43D5D56227}.Release|Any CPU.ActiveCfg = Release|Any CPU
		{D66AF905-C5E2-4583-BCCA-FE43D5D56227}.Release|Any CPU.Build.0 = Release|Any CPU
	EndGlobalSection
	GlobalSection(SolutionProperties) = preSolution
		HideSolutionNode = FALSE
	EndGlobalSection
	GlobalSection(ExtensibilityGlobals) = postSolution
		SolutionGuid = {67C3521C-8372-4C2A-921B-E57CDF6ABE0A}
	EndGlobalSection
EndGlobal
